
Microsoft Visual Studio Solution File, Format Version 12.00
# Visual Studio Version 17
VisualStudioVersion = 17.13.35825.156 d17.13
MinimumVisualStudioVersion = 10.0.40219.1
Project("{FAE04EC0-301F-11D3-BF4B-00C04F79EFBC}") = "Lab_1", "Lab_1.csproj", "{AAA4A93F-00DE-40A8-AC29-038FEE90694D}"
EndProject
Global
	GlobalSection(SolutionConfigurationPlatforms) = preSolution
		Debug|Any CPU = Debug|Any CPU
		Release|Any CPU = Release|Any CPU
	EndGlobalSection
	GlobalSection(ProjectConfigurationPlatforms) = postSolution
		{AAA4A93F-00DE-40A8-AC29-038FEE90694D}.Debug|Any CPU.ActiveCfg = Debug|Any CPU
		{AAA4A93F-00DE-40A8-AC29-038FEE90694D}.Debug|Any CPU.Build.0 = Debug|Any CPU
		{AAA4A93F-00DE-40A8-AC29-038FEE90694D}.Release|Any CPU.ActiveCfg = Release|Any CPU
		{AAA4A93F-00DE-40A8-AC29-038FEE90694D}.Release|Any CPU.Build.0 = Release|Any CPU
	EndGlobalSection
	GlobalSection(SolutionProperties) = preSolution
		HideSolutionNode = FALSE
	EndGlobalSection
	GlobalSection(ExtensibilityGlobals) = postSolution
		SolutionGuid = {3FD6FAA9-9D65-4BBB-BF3B-46B58F3D035A}
	EndGlobalSection
EndGlobal
